// !$*UTF8*$!
{
	archiveVersion = 1;
	classes = {
	};
	objectVersion = 77;
	objects = {

/* Begin PBXBuildFile section */
		AA0000000000000000000090 /* TileroamWidget.appex in Embed Foundation Extensions */ = {isa = PBXBuildFile; fileRef = AA0000000000000000000032 /* TileroamWidget.appex */; settings = {ATTRIBUTES = (RemoveHeadersOnCopy, ); }; };
		AA0000000000000000000091 /* TileroamAssets.appex in Embed ExtensionKit Extensions */ = {isa = PBXBuildFile; fileRef = AA0000000000000000000033 /* TileroamAssets.appex */; settings = {ATTRIBUTES = (RemoveHeadersOnCopy, ); }; };
		AA0000000000000000000092 /* Valhalla in Frameworks */ = {isa = PBXBuildFile; productRef = AA00000000000000000000A1 /* Valhalla */; };
/* End PBXBuildFile section */

/* Begin PBXContainerItemProxy section */
		AA0000000000000000000010 /* PBXContainerItemProxy */ = {
			isa = PBXContainerItemProxy;
			containerPortal = AA0000000000000000000001 /* Project object */;
			proxyType = 1;
			remoteGlobalIDString = AA0000000000000000000020;
			remoteInfo = Tileroam;
		};
		AA0000000000000000000012 /* PBXContainerItemProxy */ = {
			isa = PBXContainerItemProxy;
			containerPortal = AA0000000000000000000001 /* Project object */;
			proxyType = 1;
			remoteGlobalIDString = AA0000000000000000000022;
			remoteInfo = TileroamWidget;
		};
		AA0000000000000000000014 /* PBXContainerItemProxy */ = {
			isa = PBXContainerItemProxy;
			containerPortal = AA0000000000000000000001 /* Project object */;
			proxyType = 1;
			remoteGlobalIDString = AA0000000000000000000023;
			remoteInfo = TileroamAssets;
		};
/* End PBXContainerItemProxy section */

/* Begin PBXCopyFilesBuildPhase section */
		AA0000000000000000000064 /* Embed Foundation Extensions */ = {
			isa = PBXCopyFilesBuildPhase;
			buildActionMask = 2147483647;
			dstPath = "";
			dstSubfolderSpec = 13;
			files = (
				AA0000000000000000000090 /* TileroamWidget.appex in Embed Foundation Extensions */,
			);
			name = "Embed Foundation Extensions";
			runOnlyForDeploymentPostprocessing = 0;
		};
		AA0000000000000000000069 /* Embed ExtensionKit Extensions */ = {
			isa = PBXCopyFilesBuildPhase;
			buildActionMask = 2147483647;
			dstPath = "$(EXTENSIONS_FOLDER_PATH)";
			dstSubfolderSpec = 16;
			files = (
				AA0000000000000000000091 /* TileroamAssets.appex in Embed ExtensionKit Extensions */,
			);
			name = "Embed ExtensionKit Extensions";
			runOnlyForDeploymentPostprocessing = 0;
		};
/* End PBXCopyFilesBuildPhase section */

/* Begin PBXFileReference section */
		AA0000000000000000000030 /* Tileroam.app */ = {isa = PBXFileReference; explicitFileType = wrapper.application; includeInIndex = 0; path = Tileroam.app; sourceTree = BUILT_PRODUCTS_DIR; };
		AA0000000000000000000031 /* TileroamTests.xctest */ = {isa = PBXFileReference; explicitFileType = wrapper.cfbundle; includeInIndex = 0; path = TileroamTests.xctest; sourceTree = BUILT_PRODUCTS_DIR; };
		AA0000000000000000000032 /* TileroamWidget.appex */ = {isa = PBXFileReference; explicitFileType = "wrapper.app-extension"; includeInIndex = 0; path = TileroamWidget.appex; sourceTree = BUILT_PRODUCTS_DIR; };
		AA0000000000000000000033 /* TileroamAssets.appex */ = {isa = PBXFileReference; explicitFileType = "wrapper.extensionkit-extension"; includeInIndex = 0; path = TileroamAssets.appex; sourceTree = BUILT_PRODUCTS_DIR; };
/* End PBXFileReference section */

/* Begin PBXFileSystemSynchronizedBuildFileExceptionSet section */
		AA0000000000000000000044 /* Exceptions for "TileroamWidget" folder in "TileroamWidget" target */ = {
			isa = PBXFileSystemSynchronizedBuildFileExceptionSet;
			membershipExceptions = (
				Info.plist,
			);
			target = AA0000000000000000000022 /* TileroamWidget */;
		};
		AA0000000000000000000045 /* Exceptions for "Tileroam" folder in "Tileroam" target */ = {
			isa = PBXFileSystemSynchronizedBuildFileExceptionSet;
			membershipExceptions = (
				Info.plist,
			);
			target = AA0000000000000000000020 /* Tileroam */;
		};
		AA0000000000000000000046 /* Exceptions for "TileroamAssets" folder in "TileroamAssets" target */ = {
			isa = PBXFileSystemSynchronizedBuildFileExceptionSet;
			membershipExceptions = (
				Info.plist,
			);
			target = AA0000000000000000000023 /* TileroamAssets */;
		};
/* End PBXFileSystemSynchronizedBuildFileExceptionSet section */

/* Begin PBXFileSystemSynchronizedRootGroup section */
		AA0000000000000000000040 /* Tileroam */ = {
			isa = PBXFileSystemSynchronizedRootGroup;
			exceptions = (
				AA0000000000000000000045 /* Exceptions for "Tileroam" folder in "Tileroam" target */,
			);
			path = Tileroam;
			sourceTree = "<group>";
		};
		AA0000000000000000000041 /* TileroamTests */ = {
			isa = PBXFileSystemSynchronizedRootGroup;
			path = TileroamTests;
			sourceTree = "<group>";
		};
		AA0000000000000000000042 /* TileroamWidget */ = {
			isa = PBXFileSystemSynchronizedRootGroup;
			exceptions = (
				AA0000000000000000000044 /* Exceptions for "TileroamWidget" folder in "TileroamWidget" target */,
			);
			path = TileroamWidget;
			sourceTree = "<group>";
		};
		AA0000000000000000000043 /* TileroamAssets */ = {
			isa = PBXFileSystemSynchronizedRootGroup;
			exceptions = (
				AA0000000000000000000046 /* Exceptions for "TileroamAssets" folder in "TileroamAssets" target */,
			);
			path = TileroamAssets;
			sourceTree = "<group>";
		};
/* End PBXFileSystemSynchronizedRootGroup section */

/* Begin PBXFrameworksBuildPhase section */
		AA0000000000000000000050 /* Frameworks */ = {
			isa = PBXFrameworksBuildPhase;
			buildActionMask = 2147483647;
			files = (
				AA0000000000000000000092 /* Valhalla in Frameworks */,
			);
			runOnlyForDeploymentPostprocessing = 0;
		};
		AA0000000000000000000051 /* Frameworks */ = {
			isa = PBXFrameworksBuildPhase;
			buildActionMask = 2147483647;
			files = (
			);
			runOnlyForDeploymentPostprocessing = 0;
		};
		AA0000000000000000000052 /* Frameworks */ = {
			isa = PBXFrameworksBuildPhase;
			buildActionMask = 2147483647;
			files = (
			);
			runOnlyForDeploymentPostprocessing = 0;
		};
		AA0000000000000000000053 /* Frameworks */ = {
			isa = PBXFrameworksBuildPhase;
			buildActionMask = 2147483647;
			files = (
			);
			runOnlyForDeploymentPostprocessing = 0;
		};
/* End PBXFrameworksBuildPhase section */

/* Begin PBXGroup section */
		AA0000000000000000000002 = {
			isa = PBXGroup;
			children = (
				AA0000000000000000000040 /* Tileroam */,
				AA0000000000000000000041 /* TileroamTests */,
				AA0000000000000000000042 /* TileroamWidget */,
				AA0000000000000000000043 /* TileroamAssets */,
				AA0000000000000000000003 /* Products */,
			);
			sourceTree = "<group>";
		};
		AA0000000000000000000003 /* Products */ = {
			isa = PBXGroup;
			children = (
				AA0000000000000000000030 /* Tileroam.app */,
				AA0000000000000000000031 /* TileroamTests.xctest */,
				AA0000000000000000000032 /* TileroamWidget.appex */,
				AA0000000000000000000033 /* TileroamAssets.appex */,
			);
			name = Products;
			sourceTree = "<group>";
		};
/* End PBXGroup section */

/* Begin PBXNativeTarget section */
		AA0000000000000000000020 /* Tileroam */ = {
			isa = PBXNativeTarget;
			buildConfigurationList = AA0000000000000000000070 /* Build configuration list for PBXNativeTarget "Tileroam" */;
			buildPhases = (
				AA0000000000000000000060 /* Sources */,
				AA0000000000000000000050 /* Frameworks */,
				AA0000000000000000000062 /* Resources */,
				AA0000000000000000000064 /* Embed Foundation Extensions */,
				AA0000000000000000000069 /* Embed ExtensionKit Extensions */,
			);
			buildRules = (
			);
			dependencies = (
				AA0000000000000000000013 /* PBXTargetDependency */,
				AA0000000000000000000015 /* PBXTargetDependency */,
			);
			fileSystemSynchronizedGroups = (
				AA0000000000000000000040 /* Tileroam */,
			);
			name = Tileroam;
			packageProductDependencies = (
				AA00000000000000000000A1 /* Valhalla */,
			);
			productName = Tileroam;
			productReference = AA0000000000000000000030 /* Tileroam.app */;
			productType = "com.apple.product-type.application";
		};
		AA0000000000000000000021 /* TileroamTests */ = {
			isa = PBXNativeTarget;
			buildConfigurationList = AA0000000000000000000073 /* Build configuration list for PBXNativeTarget "TileroamTests" */;
			buildPhases = (
				AA0000000000000000000061 /* Sources */,
				AA0000000000000000000051 /* Frameworks */,
				AA0000000000000000000063 /* Resources */,
			);
			buildRules = (
			);
			dependencies = (
				AA0000000000000000000011 /* PBXTargetDependency */,
			);
			fileSystemSynchronizedGroups = (
				AA0000000000000000000041 /* TileroamTests */,
			);
			name = TileroamTests;
			productName = TileroamTests;
			productReference = AA0000000000000000000031 /* TileroamTests.xctest */;
			productType = "com.apple.product-type.bundle.unit-test";
		};
		AA0000000000000000000022 /* TileroamWidget */ = {
			isa = PBXNativeTarget;
			buildConfigurationList = AA0000000000000000000079 /* Build configuration list for PBXNativeTarget "TileroamWidget" */;
			buildPhases = (
				AA0000000000000000000065 /* Sources */,
				AA0000000000000000000052 /* Frameworks */,
				AA0000000000000000000066 /* Resources */,
			);
			buildRules = (
			);
			dependencies = (
			);
			fileSystemSynchronizedGroups = (
				AA0000000000000000000042 /* TileroamWidget */,
			);
			name = TileroamWidget;
			productName = TileroamWidget;
			productReference = AA0000000000000000000032 /* TileroamWidget.appex */;
			productType = "com.apple.product-type.app-extension";
		};
		AA0000000000000000000023 /* TileroamAssets */ = {
			isa = PBXNativeTarget;
			buildConfigurationList = AA000000000000000000007C /* Build configuration list for PBXNativeTarget "TileroamAssets" */;
			buildPhases = (
				AA0000000000000000000067 /* Sources */,
				AA0000000000000000000053 /* Frameworks */,
				AA0000000000000000000068 /* Resources */,
			);
			buildRules = (
			);
			dependencies = (
			);
			fileSystemSynchronizedGroups = (
				AA0000000000000000000043 /* TileroamAssets */,
			);
			name = TileroamAssets;
			productName = TileroamAssets;
			productReference = AA0000000000000000000033 /* TileroamAssets.appex */;
			productType = "com.apple.product-type.extensionkit-extension";
		};
/* End PBXNativeTarget section */

/* Begin PBXProject section */
		AA0000000000000000000001 /* Project object */ = {
			isa = PBXProject;
			attributes = {
				BuildIndependentTargetsInParallel = 1;
				LastSwiftUpdateCheck = 2700;
				LastUpgradeCheck = 2700;
				TargetAttributes = {
					AA0000000000000000000020 = {
						CreatedOnToolsVersion = 27.0;
					};
					AA0000000000000000000021 = {
						CreatedOnToolsVersion = 27.0;
						TestTargetID = AA0000000000000000000020;
					};
					AA0000000000000000000022 = {
						CreatedOnToolsVersion = 27.0;
					};
					AA0000000000000000000023 = {
						CreatedOnToolsVersion = 27.0;
					};
				};
			};
			buildConfigurationList = AA0000000000000000000076 /* Build configuration list for PBXProject "Tileroam" */;
			developmentRegion = en;
			hasScannedForEncodings = 0;
			knownRegions = (
				en,
				Base,
				nl,
				fr,
				es,
				de,
			);
			mainGroup = AA0000000000000000000002;
			minimizedProjectReferenceProxies = 1;
			packageReferences = (
				AA00000000000000000000A0 /* XCRemoteSwiftPackageReference "valhalla-mobile" */,
			);
			preferredProjectObjectVersion = 77;
			productRefGroup = AA0000000000000000000003 /* Products */;
			projectDirPath = "";
			projectRoot = "";
			targets = (
				AA0000000000000000000020 /* Tileroam */,
				AA0000000000000000000021 /* TileroamTests */,
				AA0000000000000000000022 /* TileroamWidget */,
				AA0000000000000000000023 /* TileroamAssets */,
			);
		};
/* End PBXProject section */

/* Begin PBXResourcesBuildPhase section */
		AA0000000000000000000062 /* Resources */ = {
			isa = PBXResourcesBuildPhase;
			buildActionMask = 2147483647;
			files = (
			);
			runOnlyForDeploymentPostprocessing = 0;
		};
		AA0000000000000000000063 /* Resources */ = {
			isa = PBXResourcesBuildPhase;
			buildActionMask = 2147483647;
			files = (
			);
			runOnlyForDeploymentPostprocessing = 0;
		};
		AA0000000000000000000066 /* Resources */ = {
			isa = PBXResourcesBuildPhase;
			buildActionMask = 2147483647;
			files = (
			);
			runOnlyForDeploymentPostprocessing = 0;
		};
		AA0000000000000000000068 /* Resources */ = {
			isa = PBXResourcesBuildPhase;
			buildActionMask = 2147483647;
			files = (
			);
			runOnlyForDeploymentPostprocessing = 0;
		};
/* End PBXResourcesBuildPhase section */

/* Begin PBXSourcesBuildPhase section */
		AA0000000000000000000060 /* Sources */ = {
			isa = PBXSourcesBuildPhase;
			buildActionMask = 2147483647;
			files = (
			);
			runOnlyForDeploymentPostprocessing = 0;
		};
		AA0000000000000000000061 /* Sources */ = {
			isa = PBXSourcesBuildPhase;
			buildActionMask = 2147483647;
			files = (
			);
			runOnlyForDeploymentPostprocessing = 0;
		};
		AA0000000000000000000065 /* Sources */ = {
			isa = PBXSourcesBuildPhase;
			buildActionMask = 2147483647;
			files = (
			);
			runOnlyForDeploymentPostprocessing = 0;
		};
		AA0000000000000000000067 /* Sources */ = {
			isa = PBXSourcesBuildPhase;
			buildActionMask = 2147483647;
			files = (
			);
			runOnlyForDeploymentPostprocessing = 0;
		};
/* End PBXSourcesBuildPhase section */

/* Begin PBXTargetDependency section */
		AA0000000000000000000011 /* PBXTargetDependency */ = {
			isa = PBXTargetDependency;
			target = AA0000000000000000000020 /* Tileroam */;
			targetProxy = AA0000000000000000000010 /* PBXContainerItemProxy */;
		};
		AA0000000000000000000013 /* PBXTargetDependency */ = {
			isa = PBXTargetDependency;
			target = AA0000000000000000000022 /* TileroamWidget */;
			targetProxy = AA0000000000000000000012 /* PBXContainerItemProxy */;
		};
		AA0000000000000000000015 /* PBXTargetDependency */ = {
			isa = PBXTargetDependency;
			target = AA0000000000000000000023 /* TileroamAssets */;
			targetProxy = AA0000000000000000000014 /* PBXContainerItemProxy */;
		};
/* End PBXTargetDependency section */

/* Begin XCBuildConfiguration section */
		AA0000000000000000000080 /* Debug */ = {
			isa = XCBuildConfiguration;
			buildSettings = {
				ALWAYS_SEARCH_USER_PATHS = NO;
				CLANG_ENABLE_MODULES = YES;
				CLANG_ENABLE_OBJC_ARC = YES;
				COPY_PHASE_STRIP = NO;
				DEBUG_INFORMATION_FORMAT = dwarf;
				ENABLE_STRICT_OBJC_MSGSEND = YES;
				ENABLE_TESTABILITY = YES;
				ENABLE_USER_SCRIPT_SANDBOXING = YES;
				GCC_OPTIMIZATION_LEVEL = 0;
				GCC_PREPROCESSOR_DEFINITIONS = (
					"DEBUG=1",
					"$(inherited)",
				);
				IPHONEOS_DEPLOYMENT_TARGET = 26.0;
				LOCALIZATION_PREFERS_STRING_CATALOGS = YES;
				MTL_ENABLE_DEBUG_INFO = INCLUDE_SOURCE;
				ONLY_ACTIVE_ARCH = YES;
				SDKROOT = iphoneos;
				SWIFT_ACTIVE_COMPILATION_CONDITIONS = "DEBUG STRAVA $(inherited)";
				SWIFT_OPTIMIZATION_LEVEL = "-Onone";
			};
			name = Debug;
		};
		AA0000000000000000000081 /* Release */ = {
			isa = XCBuildConfiguration;
			buildSettings = {
				ALWAYS_SEARCH_USER_PATHS = NO;
				CLANG_ENABLE_MODULES = YES;
				CLANG_ENABLE_OBJC_ARC = YES;
				COPY_PHASE_STRIP = NO;
				DEBUG_INFORMATION_FORMAT = "dwarf-with-dsym";
				ENABLE_NS_ASSERTIONS = NO;
				ENABLE_STRICT_OBJC_MSGSEND = YES;
				ENABLE_USER_SCRIPT_SANDBOXING = YES;
				IPHONEOS_DEPLOYMENT_TARGET = 26.0;
				LOCALIZATION_PREFERS_STRING_CATALOGS = YES;
				SDKROOT = iphoneos;
				SWIFT_ACTIVE_COMPILATION_CONDITIONS = "STRAVA $(inherited)";
				SWIFT_COMPILATION_MODE = wholemodule;
				VALIDATE_PRODUCT = YES;
			};
			name = Release;
		};
		AA0000000000000000000082 /* Debug */ = {
			isa = XCBuildConfiguration;
			buildSettings = {
				ASSETCATALOG_COMPILER_APPICON_NAME = AppIcon;
				CODE_SIGN_ENTITLEMENTS = Tileroam/Tileroam.entitlements;
				CODE_SIGN_STYLE = Automatic;
				CURRENT_PROJECT_VERSION = 2;
				DEVELOPMENT_TEAM = 9XCZUWMGXB;
				EXCLUDED_SOURCE_FILE_NAMES = StravaSecrets.plist;
				GENERATE_INFOPLIST_FILE = YES;
				INFOPLIST_FILE = Tileroam/Info.plist;
				INFOPLIST_KEY_CFBundleDisplayName = Tileroam;
				INFOPLIST_KEY_LSSupportsOpeningDocumentsInPlace = YES;
				INFOPLIST_KEY_NSLocationWhenInUseUsageDescription = "Tileroam uses your location to show where you are on the map and to plan cycling routes from there. Routes are calculated on your device.";
				INFOPLIST_KEY_UIApplicationSceneManifest_Generation = YES;
				INFOPLIST_KEY_UIApplicationSupportsIndirectInputEvents = YES;
				INFOPLIST_KEY_UILaunchScreen_Generation = YES;
				INFOPLIST_KEY_UISupportedInterfaceOrientations_iPad = "UIInterfaceOrientationPortrait UIInterfaceOrientationPortraitUpsideDown UIInterfaceOrientationLandscapeLeft UIInterfaceOrientationLandscapeRight";
				INFOPLIST_KEY_UISupportedInterfaceOrientations_iPhone = "UIInterfaceOrientationPortrait UIInterfaceOrientationLandscapeLeft UIInterfaceOrientationLandscapeRight";
				LD_RUNPATH_SEARCH_PATHS = (
					"$(inherited)",
					"@executable_path/Frameworks",
				);
				MARKETING_VERSION = 1.5.8;
				PRODUCT_BUNDLE_IDENTIFIER = nl.petervanmanen.Tileroam;
				PRODUCT_NAME = "$(TARGET_NAME)";
				SWIFT_EMIT_LOC_STRINGS = YES;
				SWIFT_VERSION = 6.0;
				TARGETED_DEVICE_FAMILY = "1,2";
			};
			name = Debug;
		};
		AA0000000000000000000083 /* Release */ = {
			isa = XCBuildConfiguration;
			buildSettings = {
				ASSETCATALOG_COMPILER_APPICON_NAME = AppIcon;
				CODE_SIGN_ENTITLEMENTS = Tileroam/Tileroam.entitlements;
				CODE_SIGN_STYLE = Automatic;
				CURRENT_PROJECT_VERSION = 2;
				DEVELOPMENT_TEAM = 9XCZUWMGXB;
				EXCLUDED_SOURCE_FILE_NAMES = StravaSecrets.plist;
				GENERATE_INFOPLIST_FILE = YES;
				INFOPLIST_FILE = Tileroam/Info.plist;
				INFOPLIST_KEY_CFBundleDisplayName = Tileroam;
				INFOPLIST_KEY_LSSupportsOpeningDocumentsInPlace = YES;
				INFOPLIST_KEY_NSLocationWhenInUseUsageDescription = "Tileroam uses your location to show where you are on the map and to plan cycling routes from there. Routes are calculated on your device.";
				INFOPLIST_KEY_UIApplicationSceneManifest_Generation = YES;
				INFOPLIST_KEY_UIApplicationSupportsIndirectInputEvents = YES;
				INFOPLIST_KEY_UILaunchScreen_Generation = YES;
				INFOPLIST_KEY_UISupportedInterfaceOrientations_iPad = "UIInterfaceOrientationPortrait UIInterfaceOrientationPortraitUpsideDown UIInterfaceOrientationLandscapeLeft UIInterfaceOrientationLandscapeRight";
				INFOPLIST_KEY_UISupportedInterfaceOrientations_iPhone = "UIInterfaceOrientationPortrait UIInterfaceOrientationLandscapeLeft UIInterfaceOrientationLandscapeRight";
				LD_RUNPATH_SEARCH_PATHS = (
					"$(inherited)",
					"@executable_path/Frameworks",
				);
				MARKETING_VERSION = 1.5.8;
				PRODUCT_BUNDLE_IDENTIFIER = nl.petervanmanen.Tileroam;
				PRODUCT_NAME = "$(TARGET_NAME)";
				SWIFT_EMIT_LOC_STRINGS = YES;
				SWIFT_VERSION = 6.0;
				TARGETED_DEVICE_FAMILY = "1,2";
			};
			name = Release;
		};
		AA0000000000000000000084 /* Debug */ = {
			isa = XCBuildConfiguration;
			buildSettings = {
				BUNDLE_LOADER = "$(TEST_HOST)";
				CODE_SIGN_STYLE = Automatic;
				GENERATE_INFOPLIST_FILE = YES;
				PRODUCT_BUNDLE_IDENTIFIER = nl.petervanmanen.TileroamTests;
				PRODUCT_NAME = "$(TARGET_NAME)";
				SWIFT_VERSION = 6.0;
				TARGETED_DEVICE_FAMILY = "1,2";
				TEST_HOST = "$(BUILT_PRODUCTS_DIR)/Tileroam.app/$(BUNDLE_EXECUTABLE_FOLDER_PATH)/Tileroam";
			};
			name = Debug;
		};
		AA0000000000000000000085 /* Release */ = {
			isa = XCBuildConfiguration;
			buildSettings = {
				BUNDLE_LOADER = "$(TEST_HOST)";
				CODE_SIGN_STYLE = Automatic;
				GENERATE_INFOPLIST_FILE = YES;
				PRODUCT_BUNDLE_IDENTIFIER = nl.petervanmanen.TileroamTests;
				PRODUCT_NAME = "$(TARGET_NAME)";
				SWIFT_VERSION = 6.0;
				TARGETED_DEVICE_FAMILY = "1,2";
				TEST_HOST = "$(BUILT_PRODUCTS_DIR)/Tileroam.app/$(BUNDLE_EXECUTABLE_FOLDER_PATH)/Tileroam";
			};
			name = Release;
		};
		AA0000000000000000000086 /* Debug */ = {
			isa = XCBuildConfiguration;
			buildSettings = {
				CODE_SIGN_ENTITLEMENTS = TileroamWidget/TileroamWidget.entitlements;
				CODE_SIGN_STYLE = Automatic;
				CURRENT_PROJECT_VERSION = 2;
				DEVELOPMENT_TEAM = 9XCZUWMGXB;
				GENERATE_INFOPLIST_FILE = YES;
				INFOPLIST_FILE = TileroamWidget/Info.plist;
				INFOPLIST_KEY_CFBundleDisplayName = Tileroam;
				LD_RUNPATH_SEARCH_PATHS = (
					"$(inherited)",
					"@executable_path/Frameworks",
					"@executable_path/../../Frameworks",
				);
				MARKETING_VERSION = 1.5.8;
				PRODUCT_BUNDLE_IDENTIFIER = nl.petervanmanen.Tileroam.Widget;
				PRODUCT_NAME = "$(TARGET_NAME)";
				SKIP_INSTALL = YES;
				SWIFT_EMIT_LOC_STRINGS = YES;
				SWIFT_VERSION = 6.0;
				TARGETED_DEVICE_FAMILY = "1,2";
			};
			name = Debug;
		};
		AA0000000000000000000087 /* Release */ = {
			isa = XCBuildConfiguration;
			buildSettings = {
				CODE_SIGN_ENTITLEMENTS = TileroamWidget/TileroamWidget.entitlements;
				CODE_SIGN_STYLE = Automatic;
				CURRENT_PROJECT_VERSION = 2;
				DEVELOPMENT_TEAM = 9XCZUWMGXB;
				GENERATE_INFOPLIST_FILE = YES;
				INFOPLIST_FILE = TileroamWidget/Info.plist;
				INFOPLIST_KEY_CFBundleDisplayName = Tileroam;
				LD_RUNPATH_SEARCH_PATHS = (
					"$(inherited)",
					"@executable_path/Frameworks",
					"@executable_path/../../Frameworks",
				);
				MARKETING_VERSION = 1.5.8;
				PRODUCT_BUNDLE_IDENTIFIER = nl.petervanmanen.Tileroam.Widget;
				PRODUCT_NAME = "$(TARGET_NAME)";
				SKIP_INSTALL = YES;
				SWIFT_EMIT_LOC_STRINGS = YES;
				SWIFT_VERSION = 6.0;
				TARGETED_DEVICE_FAMILY = "1,2";
			};
			name = Release;
		};
		AA0000000000000000000088 /* Debug */ = {
			isa = XCBuildConfiguration;
			buildSettings = {
				CODE_SIGN_ENTITLEMENTS = TileroamAssets/TileroamAssets.entitlements;
				CODE_SIGN_STYLE = Automatic;
				CURRENT_PROJECT_VERSION = 2;
				DEVELOPMENT_TEAM = 9XCZUWMGXB;
				GENERATE_INFOPLIST_FILE = YES;
				INFOPLIST_FILE = TileroamAssets/Info.plist;
				INFOPLIST_KEY_CFBundleDisplayName = TileroamAssets;
				LD_RUNPATH_SEARCH_PATHS = (
					"$(inherited)",
					"@executable_path/Frameworks",
					"@executable_path/../../Frameworks",
				);
				MARKETING_VERSION = 1.5.8;
				PRODUCT_BUNDLE_IDENTIFIER = nl.petervanmanen.Tileroam.Assets;
				PRODUCT_NAME = "$(TARGET_NAME)";
				SKIP_INSTALL = YES;
				SWIFT_VERSION = 6.0;
				TARGETED_DEVICE_FAMILY = "1,2";
			};
			name = Debug;
		};
		AA0000000000000000000089 /* Release */ = {
			isa = XCBuildConfiguration;
			buildSettings = {
				CODE_SIGN_ENTITLEMENTS = TileroamAssets/TileroamAssets.entitlements;
				CODE_SIGN_STYLE = Automatic;
				CURRENT_PROJECT_VERSION = 2;
				DEVELOPMENT_TEAM = 9XCZUWMGXB;
				GENERATE_INFOPLIST_FILE = YES;
				INFOPLIST_FILE = TileroamAssets/Info.plist;
				INFOPLIST_KEY_CFBundleDisplayName = TileroamAssets;
				LD_RUNPATH_SEARCH_PATHS = (
					"$(inherited)",
					"@executable_path/Frameworks",
					"@executable_path/../../Frameworks",
				);
				MARKETING_VERSION = 1.5.8;
				PRODUCT_BUNDLE_IDENTIFIER = nl.petervanmanen.Tileroam.Assets;
				PRODUCT_NAME = "$(TARGET_NAME)";
				SKIP_INSTALL = YES;
				SWIFT_VERSION = 6.0;
				TARGETED_DEVICE_FAMILY = "1,2";
			};
			name = Release;
		};
/* End XCBuildConfiguration section */

/* Begin XCConfigurationList section */
		AA0000000000000000000070 /* Build configuration list for PBXNativeTarget "Tileroam" */ = {
			isa = XCConfigurationList;
			buildConfigurations = (
				AA0000000000000000000082 /* Debug */,
				AA0000000000000000000083 /* Release */,
			);
			defaultConfigurationIsVisible = 0;
			defaultConfigurationName = Release;
		};
		AA0000000000000000000073 /* Build configuration list for PBXNativeTarget "TileroamTests" */ = {
			isa = XCConfigurationList;
			buildConfigurations = (
				AA0000000000000000000084 /* Debug */,
				AA0000000000000000000085 /* Release */,
			);
			defaultConfigurationIsVisible = 0;
			defaultConfigurationName = Release;
		};
		AA0000000000000000000076 /* Build configuration list for PBXProject "Tileroam" */ = {
			isa = XCConfigurationList;
			buildConfigurations = (
				AA0000000000000000000080 /* Debug */,
				AA0000000000000000000081 /* Release */,
			);
			defaultConfigurationIsVisible = 0;
			defaultConfigurationName = Release;
		};
		AA0000000000000000000079 /* Build configuration list for PBXNativeTarget "TileroamWidget" */ = {
			isa = XCConfigurationList;
			buildConfigurations = (
				AA0000000000000000000086 /* Debug */,
				AA0000000000000000000087 /* Release */,
			);
			defaultConfigurationIsVisible = 0;
			defaultConfigurationName = Release;
		};
		AA000000000000000000007C /* Build configuration list for PBXNativeTarget "TileroamAssets" */ = {
			isa = XCConfigurationList;
			buildConfigurations = (
				AA0000000000000000000088 /* Debug */,
				AA0000000000000000000089 /* Release */,
			);
			defaultConfigurationIsVisible = 0;
			defaultConfigurationName = Release;
		};
/* End XCConfigurationList section */

/* Begin XCRemoteSwiftPackageReference section */
		AA00000000000000000000A0 /* XCRemoteSwiftPackageReference "valhalla-mobile" */ = {
			isa = XCRemoteSwiftPackageReference;
			repositoryURL = "https://github.com/Rallista/valhalla-mobile.git";
			requirement = {
				kind = exactVersion;
				version = 0.6.3;
			};
		};
/* End XCRemoteSwiftPackageReference section */

/* Begin XCSwiftPackageProductDependency section */
		AA00000000000000000000A1 /* Valhalla */ = {
			isa = XCSwiftPackageProductDependency;
			package = AA00000000000000000000A0 /* XCRemoteSwiftPackageReference "valhalla-mobile" */;
			productName = Valhalla;
		};
/* End XCSwiftPackageProductDependency section */
	};
	rootObject = AA0000000000000000000001 /* Project object */;
}
